// !$*UTF8*$!
{
	archiveVersion = 1;
	classes = {
	};
	objectVersion = 48;
	objects = {

/* Begin PBXBuildFile section */
		A762DAF920DE87EC00095927 /* AppDelegate.swift in Sources */ = {isa = PBXBuildFile; fileRef = A762DAF820DE87EC00095927 /* AppDelegate.swift */; };
		A762DAFB20DE87EC00095927 /* ViewController.swift in Sources */ = {isa = PBXBuildFile; fileRef = A762DAFA20DE87EC00095927 /* ViewController.swift */; };
		A762DAFE20DE87EC00095927 /* Main.storyboard in Resources */ = {isa = PBXBuildFile; fileRef = A762DAFC20DE87EC00095927 /* Main.storyboard */; };
		A762DB0020DE87EC00095927 /* Assets.xcassets in Resources */ = {isa = PBXBuildFile; fileRef = A762DAFF20DE87EC00095927 /* Assets.xcassets */; };
		A762DB0320DE87EC00095927 /* LaunchScreen.storyboard in Resources */ = {isa = PBXBuildFile; fileRef = A762DB0120DE87EC00095927 /* LaunchScreen.storyboard */; };
		A762DB0E20DE87ED00095927 /* SwiftPTests.swift in Sources */ = {isa = PBXBuildFile; fileRef = A762DB0D20DE87ED00095927 /* SwiftPTests.swift */; };
		A762DB1920DE87ED00095927 /* SwiftPUITests.swift in Sources */ = {isa = PBXBuildFile; fileRef = A762DB1820DE87ED00095927 /* SwiftPUITests.swift */; };
		A762DB2720E7A00000095927 /* NumberViewController.swift in Sources */ = {isa = PBXBuildFile; fileRef = A762DB2620E7A00000095927 /* NumberViewController.swift */; };
		A762DB2920E7C89D00095927 /* CircleButton.swift in Sources */ = {isa = PBXBuildFile; fileRef = A762DB2820E7C89D00095927 /* CircleButton.swift */; };
/* End PBXBuildFile section */

/* Begin PBXContainerItemProxy section */
		A762DB0A20DE87ED00095927 /* PBXContainerItemProxy */ = {
			isa = PBXContainerItemProxy;
			containerPortal = A762DAED20DE87EC00095927 /* Project object */;
			proxyType = 1;
			remoteGlobalIDString = A762DAF420DE87EC00095927;
			remoteInfo = SwiftP;
		};
		A762DB1520DE87ED00095927 /* PBXContainerItemProxy */ = {
			isa = PBXContainerItemProxy;
			containerPortal = A762DAED20DE87EC00095927 /* Project object */;
			proxyType = 1;
			remoteGlobalIDString = A762DAF420DE87EC00095927;
			remoteInfo = SwiftP;
		};
/* End PBXContainerItemProxy section */

/* Begin PBXFileReference section */
		A762DAF520DE87EC00095927 /* SwiftP.app */ = {isa = PBXFileReference; explicitFileType = wrapper.application; includeInIndex = 0; path = SwiftP.app; sourceTree = BUILT_PRODUCTS_DIR; };
		A762DAF820DE87EC00095927 /* AppDelegate.swift */ = {isa = PBXFileReference; lastKnownFileType = sourcecode.swift; path = AppDelegate.swift; sourceTree = "<group>"; };
		A762DAFA20DE87EC00095927 /* ViewController.swift */ = {isa = PBXFileReference; lastKnownFileType = sourcecode.swift; path = ViewController.swift; sourceTree = "<group>"; };
		A762DAFD20DE87EC00095927 /* Base */ = {isa = PBXFileReference; lastKnownFileType = file.storyboard; name = Base; path = Base.lproj/Main.storyboard; sourceTree = "<group>"; };
		A762DAFF20DE87EC00095927 /* Assets.xcassets */ = {isa = PBXFileReference; lastKnownFileType = folder.assetcatalog; path = Assets.xcassets; sourceTree = "<group>"; };
		A762DB0220DE87EC00095927 /* Base */ = {isa = PBXFileReference; lastKnownFileType = file.storyboard; name = Base; path = Base.lproj/LaunchScreen.storyboard; sourceTree = "<group>"; };
		A762DB0420DE87ED00095927 /* Info.plist */ = {isa = PBXFileReference; lastKnownFileType = text.plist.xml; path = Info.plist; sourceTree = "<group>"; };
		A762DB0920DE87ED00095927 /* SwiftPTests.xctest */ = {isa = PBXFileReference; explicitFileType = wrapper.cfbundle; includeInIndex = 0; path = SwiftPTests.xctest; sourceTree = BUILT_PRODUCTS_DIR; };
		A762DB0D20DE87ED00095927 /* SwiftPTests.swift */ = {isa = PBXFileReference; lastKnownFileType = sourcecode.swift; path = SwiftPTests.swift; sourceTree = "<group>"; };
		A762DB0F20DE87ED00095927 /* Info.plist */ = {isa = PBXFileReference; lastKnownFileType = text.plist.xml; path = Info.plist; sourceTree = "<group>"; };
		A762DB1420DE87ED00095927 /* SwiftPUITests.xctest */ = {isa = PBXFileReference; explicitFileType = wrapper.cfbundle; includeInIndex = 0; path = SwiftPUITests.xctest; sourceTree = BUILT_PRODUCTS_DIR; };
		A762DB1820DE87ED00095927 /* SwiftPUITests.swift */ = {isa = PBXFileReference; lastKnownFileType = sourcecode.swift; path = SwiftPUITests.swift; sourceTree = "<group>"; };
		A762DB1A20DE87ED00095927 /* Info.plist */ = {isa = PBXFileReference; lastKnownFileType = text.plist.xml; path = Info.plist; sourceTree = "<group>"; };
		A762DB2620E7A00000095927 /* NumberViewController.swift */ = {isa = PBXFileReference; lastKnownFileType = sourcecode.swift; path = NumberViewController.swift; sourceTree = "<group>"; };
		A762DB2820E7C89D00095927 /* CircleButton.swift */ = {isa = PBXFileReference; lastKnownFileType = sourcecode.swift; path = CircleButton.swift; sourceTree = "<group>"; };
/* End PBXFileReference section */

/* Begin PBXFrameworksBuildPhase section */
		A762DAF220DE87EC00095927 /* Frameworks */ = {
			isa = PBXFrameworksBuildPhase;
			buildActionMask = 2147483647;
			files = (
			);
			runOnlyForDeploymentPostprocessing = 0;
		};
		A762DB0620DE87ED00095927 /* Frameworks */ = {
			isa = PBXFrameworksBuildPhase;
			buildActionMask = 2147483647;
			files = (
			);
			runOnlyForDeploymentPostprocessing = 0;
		};
		A762DB1120DE87ED00095927 /* Frameworks */ = {
			isa = PBXFrameworksBuildPhase;
			buildActionMask = 2147483647;
			files = (
			);
			runOnlyForDeploymentPostprocessing = 0;
		};
/* End PBXFrameworksBuildPhase section */

/* Begin PBXGroup section */
		A762DAEC20DE87EC00095927 = {
			isa = PBXGroup;
			children = (
				A762DAF720DE87EC00095927 /* SwiftP */,
				A762DB0C20DE87ED00095927 /* SwiftPTests */,
				A762DB1720DE87ED00095927 /* SwiftPUITests */,
				A762DAF620DE87EC00095927 /* Products */,
			);
			sourceTree = "<group>";
		};
		A762DAF620DE87EC00095927 /* Products */ = {
			isa = PBXGroup;
			children = (
				A762DAF520DE87EC00095927 /* SwiftP.app */,
				A762DB0920DE87ED00095927 /* SwiftPTests.xctest */,
				A762DB1420DE87ED00095927 /* SwiftPUITests.xctest */,
			);
			name = Products;
			sourceTree = "<group>";
		};
		A762DAF720DE87EC00095927 /* SwiftP */ = {
			isa = PBXGroup;
			children = (
				A762DAF820DE87EC00095927 /* AppDelegate.swift */,
				A762DAFA20DE87EC00095927 /* ViewController.swift */,
				A762DAFC20DE87EC00095927 /* Main.storyboard */,
				A762DAFF20DE87EC00095927 /* Assets.xcassets */,
				A762DB0120DE87EC00095927 /* LaunchScreen.storyboard */,
				A762DB0420DE87ED00095927 /* Info.plist */,
				A762DB2620E7A00000095927 /* NumberViewController.swift */,
				A762DB2820E7C89D00095927 /* CircleButton.swift */,
			);
			path = SwiftP;
			sourceTree = "<group>";
		};
		A762DB0C20DE87ED00095927 /* SwiftPTests */ = {
			isa = PBXGroup;
			children = (
				A762DB0D20DE87ED00095927 /* SwiftPTests.swift */,
				A762DB0F20DE87ED00095927 /* Info.plist */,
			);
			path = SwiftPTests;
			sourceTree = "<group>";
		};
		A762DB1720DE87ED00095927 /* SwiftPUITests */ = {
			isa = PBXGroup;
			children = (
				A762DB1820DE87ED00095927 /* SwiftPUITests.swift */,
				A762DB1A20DE87ED00095927 /* Info.plist */,
			);
			path = SwiftPUITests;
			sourceTree = "<group>";
		};
/* End PBXGroup section */

/* Begin PBXNativeTarget section */
		A762DAF420DE87EC00095927 /* SwiftP */ = {
			isa = PBXNativeTarget;
			buildConfigurationList = A762DB1D20DE87ED00095927 /* Build configuration list for PBXNativeTarget "SwiftP" */;
			buildPhases = (
				A762DAF120DE87EC00095927 /* Sources */,
				A762DAF220DE87EC00095927 /* Frameworks */,
				A762DAF320DE87EC00095927 /* Resources */,
			);
			buildRules = (
			);
			dependencies = (
			);
			name = SwiftP;
			productName = SwiftP;
			productReference = A762DAF520DE87EC00095927 /* SwiftP.app */;
			productType = "com.apple.product-type.application";
		};
		A762DB0820DE87ED00095927 /* SwiftPTests */ = {
			isa = PBXNativeTarget;
			buildConfigurationList = A762DB2020DE87ED00095927 /* Build configuration list for PBXNativeTarget "SwiftPTests" */;
			buildPhases = (
				A762DB0520DE87ED00095927 /* Sources */,
				A762DB0620DE87ED00095927 /* Frameworks */,
				A762DB0720DE87ED00095927 /* Resources */,
			);
			buildRules = (
			);
			dependencies = (
				A762DB0B20DE87ED00095927 /* PBXTargetDependency */,
			);
			name = SwiftPTests;
			productName = SwiftPTests;
			productReference = A762DB0920DE87ED00095927 /* SwiftPTests.xctest */;
			productType = "com.apple.product-type.bundle.unit-test";
		};
		A762DB1320DE87ED00095927 /* SwiftPUITests */ = {
			isa = PBXNativeTarget;
			buildConfigurationList = A762DB2320DE87ED00095927 /* Build configuration list for PBXNativeTarget "SwiftPUITests" */;
			buildPhases = (
				A762DB1020DE87ED00095927 /* Sources */,
				A762DB1120DE87ED00095927 /* Frameworks */,
				A762DB1220DE87ED00095927 /* Resources */,
			);
			buildRules = (
			);
			dependencies = (
				A762DB1620DE87ED00095927 /* PBXTargetDependency */,
			);
			name = SwiftPUITests;
			productName = SwiftPUITests;
			productReference = A762DB1420DE87ED00095927 /* SwiftPUITests.xctest */;
			productType = "com.apple.product-type.bundle.ui-testing";
		};
/* End PBXNativeTarget section */

/* Begin PBXProject section */
		A762DAED20DE87EC00095927 /* Project object */ = {
			isa = PBXProject;
			attributes = {
				LastSwiftUpdateCheck = 0920;
				LastUpgradeCheck = 0920;
				ORGANIZATIONNAME = "Tsubasa Nakayama";
				TargetAttributes = {
					A762DAF420DE87EC00095927 = {
						CreatedOnToolsVersion = 9.2;
						ProvisioningStyle = Automatic;
					};
					A762DB0820DE87ED00095927 = {
						CreatedOnToolsVersion = 9.2;
						ProvisioningStyle = Automatic;
						TestTargetID = A762DAF420DE87EC00095927;
					};
					A762DB1320DE87ED00095927 = {
						CreatedOnToolsVersion = 9.2;
						ProvisioningStyle = Automatic;
						TestTargetID = A762DAF420DE87EC00095927;
					};
				};
			};
			buildConfigurationList = A762DAF020DE87EC00095927 /* Build configuration list for PBXProject "SwiftP" */;
			compatibilityVersion = "Xcode 8.0";
			developmentRegion = en;
			hasScannedForEncodings = 0;
			knownRegions = (
				en,
				Base,
			);
			mainGroup = A762DAEC20DE87EC00095927;
			productRefGroup = A762DAF620DE87EC00095927 /* Products */;
			projectDirPath = "";
			projectRoot = "";
			targets = (
				A762DAF420DE87EC00095927 /* SwiftP */,
				A762DB0820DE87ED00095927 /* SwiftPTests */,
				A762DB1320DE87ED00095927 /* SwiftPUITests */,
			);
		};
/* End PBXProject section */

/* Begin PBXResourcesBuildPhase section */
		A762DAF320DE87EC00095927 /* Resources */ = {
			isa = PBXResourcesBuildPhase;
			buildActionMask = 2147483647;
			files = (
				A762DB0320DE87EC00095927 /* LaunchScreen.storyboard in Resources */,
				A762DB0020DE87EC00095927 /* Assets.xcassets in Resources */,
				A762DAFE20DE87EC00095927 /* Main.storyboard in Resources */,
			);
			runOnlyForDeploymentPostprocessing = 0;
		};
		A762DB0720DE87ED00095927 /* Resources */ = {
			isa = PBXResourcesBuildPhase;
			buildActionMask = 2147483647;
			files = (
			);
			runOnlyForDeploymentPostprocessing = 0;
		};
		A762DB1220DE87ED00095927 /* Resources */ = {
			isa = PBXResourcesBuildPhase;
			buildActionMask = 2147483647;
			files = (
			);
			runOnlyForDeploymentPostprocessing = 0;
		};
/* End PBXResourcesBuildPhase section */

/* Begin PBXSourcesBuildPhase section */
		A762DAF120DE87EC00095927 /* Sources */ = {
			isa = PBXSourcesBuildPhase;
			buildActionMask = 2147483647;
			files = (
				A762DB2720E7A00000095927 /* NumberViewController.swift in Sources */,
				A762DAFB20DE87EC00095927 /* ViewController.swift in Sources */,
				A762DAF920DE87EC00095927 /* AppDelegate.swift in Sources */,
				A762DB2920E7C89D00095927 /* CircleButton.swift in Sources */,
			);
			runOnlyForDeploymentPostprocessing = 0;
		};
		A762DB0520DE87ED00095927 /* Sources */ = {
			isa = PBXSourcesBuildPhase;
			buildActionMask = 2147483647;
			files = (
				A762DB0E20DE87ED00095927 /* SwiftPTests.swift in Sources */,
			);
			runOnlyForDeploymentPostprocessing = 0;
		};
		A762DB1020DE87ED00095927 /* Sources */ = {
			isa = PBXSourcesBuildPhase;
			buildActionMask = 2147483647;
			files = (
				A762DB1920DE87ED00095927 /* SwiftPUITests.swift in Sources */,
			);
			runOnlyForDeploymentPostprocessing = 0;
		};
/* End PBXSourcesBuildPhase section */

/* Begin PBXTargetDependency section */
		A762DB0B20DE87ED00095927 /* PBXTargetDependency */ = {
			isa = PBXTargetDependency;
			target = A762DAF420DE87EC00095927 /* SwiftP */;
			targetProxy = A762DB0A20DE87ED00095927 /* PBXContainerItemProxy */;
		};
		A762DB1620DE87ED00095927 /* PBXTargetDependency */ = {
			isa = PBXTargetDependency;
			target = A762DAF420DE87EC00095927 /* SwiftP */;
			targetProxy = A762DB1520DE87ED00095927 /* PBXContainerItemProxy */;
		};
/* End PBXTargetDependency section */

/* Begin PBXVariantGroup section */
		A762DAFC20DE87EC00095927 /* Main.storyboard */ = {
			isa = PBXVariantGroup;
			children = (
				A762DAFD20DE87EC00095927 /* Base */,
			);
			name = Main.storyboard;
			sourceTree = "<group>";
		};
		A762DB0120DE87EC00095927 /* LaunchScreen.storyboard */ = {
			isa = PBXVariantGroup;
			children = (
				A762DB0220DE87EC00095927 /* Base */,
			);
			name = LaunchScreen.storyboard;
			sourceTree = "<group>";
		};
/* End PBXVariantGroup section */

/* Begin XCBuildConfiguration section */
		A762DB1B20DE87ED00095927 /* Debug */ = {
			isa = XCBuildConfiguration;
			buildSettings = {
				ALWAYS_SEARCH_USER_PATHS = NO;
				CLANG_ANALYZER_NONNULL = YES;
				CLANG_ANALYZER_NUMBER_OBJECT_CONVERSION = YES_AGGRESSIVE;
				CLANG_CXX_LANGUAGE_STANDARD = "gnu++14";
				CLANG_CXX_LIBRARY = "libc++";
				CLANG_ENABLE_MODULES = YES;
				CLANG_ENABLE_OBJC_ARC = YES;
				CLANG_WARN_BLOCK_CAPTURE_AUTORELEASING = YES;
				CLANG_WARN_BOOL_CONVERSION = YES;
				CLANG_WARN_COMMA = YES;
				CLANG_WARN_CONSTANT_CONVERSION = YES;
				CLANG_WARN_DIRECT_OBJC_ISA_USAGE = YES_ERROR;
				CLANG_WARN_DOCUMENTATION_COMMENTS = YES;
				CLANG_WARN_EMPTY_BODY = YES;
				CLANG_WARN_ENUM_CONVERSION = YES;
				CLANG_WARN_INFINITE_RECURSION = YES;
				CLANG_WARN_INT_CONVERSION = YES;
				CLANG_WARN_NON_LITERAL_NULL_CONVERSION = YES;
				CLANG_WARN_OBJC_LITERAL_CONVERSION = YES;
				CLANG_WARN_OBJC_ROOT_CLASS = YES_ERROR;
				CLANG_WARN_RANGE_LOOP_ANALYSIS = YES;
				CLANG_WARN_STRICT_PROTOTYPES = YES;
				CLANG_WARN_SUSPICIOUS_MOVE = YES;
				CLANG_WARN_UNGUARDED_AVAILABILITY = YES_AGGRESSIVE;
				CLANG_WARN_UNREACHABLE_CODE = YES;
				CLANG_WARN__DUPLICATE_METHOD_MATCH = YES;
				CODE_SIGN_IDENTITY = "iPhone Developer";
				COPY_PHASE_STRIP = NO;
				DEBUG_INFORMATION_FORMAT = dwarf;
				ENABLE_STRICT_OBJC_MSGSEND = YES;
				ENABLE_TESTABILITY = YES;
				GCC_C_LANGUAGE_STANDARD = gnu11;
				GCC_DYNAMIC_NO_PIC = NO;
				GCC_NO_COMMON_BLOCKS = YES;
				GCC_OPTIMIZATION_LEVEL = 0;
				GCC_PREPROCESSOR_DEFINITIONS = (
					"DEBUG=1",
					"$(inherited)",
				);
				GCC_WARN_64_TO_32_BIT_CONVERSION = YES;
				GCC_WARN_ABOUT_RETURN_TYPE = YES_ERROR;
				GCC_WARN_UNDECLARED_SELECTOR = YES;
				GCC_WARN_UNINITIALIZED_AUTOS = YES_AGGRESSIVE;
				GCC_WARN_UNUSED_FUNCTION = YES;
				GCC_WARN_UNUSED_VARIABLE = YES;
				IPHONEOS_DEPLOYMENT_TARGET = 11.2;
				MTL_ENABLE_DEBUG_INFO = YES;
				ONLY_ACTIVE_ARCH = YES;
				SDKROOT = iphoneos;
				SWIFT_ACTIVE_COMPILATION_CONDITIONS = DEBUG;
				SWIFT_OPTIMIZATION_LEVEL = "-Onone";
			};
			name = Debug;
		};
		A762DB1C20DE87ED00095927 /* Release */ = {
			isa = XCBuildConfiguration;
			buildSettings = {
				ALWAYS_SEARCH_USER_PATHS = NO;
				CLANG_ANALYZER_NONNULL = YES;
				CLANG_ANALYZER_NUMBER_OBJECT_CONVERSION = YES_AGGRESSIVE;
				CLANG_CXX_LANGUAGE_STANDARD = "gnu++14";
				CLANG_CXX_LIBRARY = "libc++";
				CLANG_ENABLE_MODULES = YES;
				CLANG_ENABLE_OBJC_ARC = YES;
				CLANG_WARN_BLOCK_CAPTURE_AUTORELEASING = YES;
				CLANG_WARN_BOOL_CONVERSION = YES;
				CLANG_WARN_COMMA = YES;
				CLANG_WARN_CONSTANT_CONVERSION = YES;
				CLANG_WARN_DIRECT_OBJC_ISA_USAGE = YES_ERROR;
				CLANG_WARN_DOCUMENTATION_COMMENTS = YES;
				CLANG_WARN_EMPTY_BODY = YES;
				CLANG_WARN_ENUM_CONVERSION = YES;
				CLANG_WARN_INFINITE_RECURSION = YES;
				CLANG_WARN_INT_CONVERSION = YES;
				CLANG_WARN_NON_LITERAL_NULL_CONVERSION = YES;
				CLANG_WARN_OBJC_LITERAL_CONVERSION = YES;
				CLANG_WARN_OBJC_ROOT_CLASS = YES_ERROR;
				CLANG_WARN_RANGE_LOOP_ANALYSIS = YES;
				CLANG_WARN_STRICT_PROTOTYPES = YES;
				CLANG_WARN_SUSPICIOUS_MOVE = YES;
				CLANG_WARN_UNGUARDED_AVAILABILITY = YES_AGGRESSIVE;
				CLANG_WARN_UNREACHABLE_CODE = YES;
				CLANG_WARN__DUPLICATE_METHOD_MATCH = YES;
				CODE_SIGN_IDENTITY = "iPhone Developer";
				COPY_PHASE_STRIP = NO;
				DEBUG_INFORMATION_FORMAT = "dwarf-with-dsym";
				ENABLE_NS_ASSERTIONS = NO;
				ENABLE_STRICT_OBJC_MSGSEND = YES;
				GCC_C_LANGUAGE_STANDARD = gnu11;
				GCC_NO_COMMON_BLOCKS = YES;
				GCC_WARN_64_TO_32_BIT_CONVERSION = YES;
				GCC_WARN_ABOUT_RETURN_TYPE = YES_ERROR;
				GCC_WARN_UNDECLARED_SELECTOR = YES;
				GCC_WARN_UNINITIALIZED_AUTOS = YES_AGGRESSIVE;
				GCC_WARN_UNUSED_FUNCTION = YES;
				GCC_WARN_UNUSED_VARIABLE = YES;
				IPHONEOS_DEPLOYMENT_TARGET = 11.2;
				MTL_ENABLE_DEBUG_INFO = NO;
				SDKROOT = iphoneos;
				SWIFT_OPTIMIZATION_LEVEL = "-Owholemodule";
				VALIDATE_PRODUCT = YES;
			};
			name = Release;
		};
		A762DB1E20DE87ED00095927 /* Debug */ = {
			isa = XCBuildConfiguration;
			buildSettings = {
				ASSETCATALOG_COMPILER_APPICON_NAME = AppIcon;
				CODE_SIGN_STYLE = Automatic;
				DEVELOPMENT_TEAM = 5G8V8GN7U6;
				INFOPLIST_FILE = SwiftP/Info.plist;
				LD_RUNPATH_SEARCH_PATHS = "$(inherited) @executable_path/Frameworks";
				PRODUCT_BUNDLE_IDENTIFIER = com.github.bassaer.SwiftP;
				PRODUCT_NAME = "$(TARGET_NAME)";
				SWIFT_VERSION = 4.0;
				TARGETED_DEVICE_FAMILY = "1,2";
			};
			name = Debug;
		};
		A762DB1F20DE87ED00095927 /* Release */ = {
			isa = XCBuildConfiguration;
			buildSettings = {
				ASSETCATALOG_COMPILER_APPICON_NAME = AppIcon;
				CODE_SIGN_STYLE = Automatic;
				DEVELOPMENT_TEAM = 5G8V8GN7U6;
				INFOPLIST_FILE = SwiftP/Info.plist;
				LD_RUNPATH_SEARCH_PATHS = "$(inherited) @executable_path/Frameworks";
				PRODUCT_BUNDLE_IDENTIFIER = com.github.bassaer.SwiftP;
				PRODUCT_NAME = "$(TARGET_NAME)";
				SWIFT_VERSION = 4.0;
				TARGETED_DEVICE_FAMILY = "1,2";
			};
			name = Release;
		};
		A762DB2120DE87ED00095927 /* Debug */ = {
			isa = XCBuildConfiguration;
			buildSettings = {
				ALWAYS_EMBED_SWIFT_STANDARD_LIBRARIES = YES;
				BUNDLE_LOADER = "$(TEST_HOST)";
				CODE_SIGN_STYLE = Automatic;
				DEVELOPMENT_TEAM = 5G8V8GN7U6;
				INFOPLIST_FILE = SwiftPTests/Info.plist;
				LD_RUNPATH_SEARCH_PATHS = "$(inherited) @executable_path/Frameworks @loader_path/Frameworks";
				PRODUCT_BUNDLE_IDENTIFIER = com.github.bassaer.SwiftPTests;
				PRODUCT_NAME = "$(TARGET_NAME)";
				SWIFT_VERSION = 4.0;
				TARGETED_DEVICE_FAMILY = "1,2";
				TEST_HOST = "$(BUILT_PRODUCTS_DIR)/SwiftP.app/SwiftP";
			};
			name = Debug;
		};
		A762DB2220DE87ED00095927 /* Release */ = {
			isa = XCBuildConfiguration;
			buildSettings = {
				ALWAYS_EMBED_SWIFT_STANDARD_LIBRARIES = YES;
				BUNDLE_LOADER = "$(TEST_HOST)";
				CODE_SIGN_STYLE = Automatic;
				DEVELOPMENT_TEAM = 5G8V8GN7U6;
				INFOPLIST_FILE = SwiftPTests/Info.plist;
				LD_RUNPATH_SEARCH_PATHS = "$(inherited) @executable_path/Frameworks @loader_path/Frameworks";
				PRODUCT_BUNDLE_IDENTIFIER = com.github.bassaer.SwiftPTests;
				PRODUCT_NAME = "$(TARGET_NAME)";
				SWIFT_VERSION = 4.0;
				TARGETED_DEVICE_FAMILY = "1,2";
				TEST_HOST = "$(BUILT_PRODUCTS_DIR)/SwiftP.app/SwiftP";
			};
			name = Release;
		};
		A762DB2420DE87ED00095927 /* Debug */ = {
			isa = XCBuildConfiguration;
			buildSettings = {
				ALWAYS_EMBED_SWIFT_STANDARD_LIBRARIES = YES;
				CODE_SIGN_STYLE = Automatic;
				DEVELOPMENT_TEAM = 5G8V8GN7U6;
				INFOPLIST_FILE = SwiftPUITests/Info.plist;
				LD_RUNPATH_SEARCH_PATHS = "$(inherited) @executable_path/Frameworks @loader_path/Frameworks";
				PRODUCT_BUNDLE_IDENTIFIER = com.github.bassaer.SwiftPUITests;
				PRODUCT_NAME = "$(TARGET_NAME)";
				SWIFT_VERSION = 4.0;
				TARGETED_DEVICE_FAMILY = "1,2";
				TEST_TARGET_NAME = SwiftP;
			};
			name = Debug;
		};
		A762DB2520DE87ED00095927 /* Release */ = {
			isa = XCBuildConfiguration;
			buildSettings = {
				ALWAYS_EMBED_SWIFT_STANDARD_LIBRARIES = YES;
				CODE_SIGN_STYLE = Automatic;
				DEVELOPMENT_TEAM = 5G8V8GN7U6;
				INFOPLIST_FILE = SwiftPUITests/Info.plist;
				LD_RUNPATH_SEARCH_PATHS = "$(inherited) @executable_path/Frameworks @loader_path/Frameworks";
				PRODUCT_BUNDLE_IDENTIFIER = com.github.bassaer.SwiftPUITests;
				PRODUCT_NAME = "$(TARGET_NAME)";
				SWIFT_VERSION = 4.0;
				TARGETED_DEVICE_FAMILY = "1,2";
				TEST_TARGET_NAME = SwiftP;
			};
			name = Release;
		};
/* End XCBuildConfiguration section */

/* Begin XCConfigurationList section */
		A762DAF020DE87EC00095927 /* Build configuration list for PBXProject "SwiftP" */ = {
			isa = XCConfigurationList;
			buildConfigurations = (
				A762DB1B20DE87ED00095927 /* Debug */,
				A762DB1C20DE87ED00095927 /* Release */,
			);
			defaultConfigurationIsVisible = 0;
			defaultConfigurationName = Release;
		};
		A762DB1D20DE87ED00095927 /* Build configuration list for PBXNativeTarget "SwiftP" */ = {
			isa = XCConfigurationList;
			buildConfigurations = (
				A762DB1E20DE87ED00095927 /* Debug */,
				A762DB1F20DE87ED00095927 /* Release */,
			);
			defaultConfigurationIsVisible = 0;
			defaultConfigurationName = Release;
		};
		A762DB2020DE87ED00095927 /* Build configuration list for PBXNativeTarget "SwiftPTests" */ = {
			isa = XCConfigurationList;
			buildConfigurations = (
				A762DB2120DE87ED00095927 /* Debug */,
				A762DB2220DE87ED00095927 /* Release */,
			);
			defaultConfigurationIsVisible = 0;
			defaultConfigurationName = Release;
		};
		A762DB2320DE87ED00095927 /* Build configuration list for PBXNativeTarget "SwiftPUITests" */ = {
			isa = XCConfigurationList;
			buildConfigurations = (
				A762DB2420DE87ED00095927 /* Debug */,
				A762DB2520DE87ED00095927 /* Release */,
			);
			defaultConfigurationIsVisible = 0;
			defaultConfigurationName = Release;
		};
/* End XCConfigurationList section */
	};
	rootObject = A762DAED20DE87EC00095927 /* Project object */;
}
